
Microsoft Visual Studio Solution File, Format Version 12.00
# Visual Studio Version 17
VisualStudioVersion = 17.7.34221.43
MinimumVisualStudioVersion = 10.0.40219.1
Project("{FAE04EC0-301F-11D3-BF4B-00C04F79EFBC}") = "MySharedLibrary", "MySharedLibrary\MySharedLibrary.csproj", "{D4086118-68E9-4128-80EB-BE389373CDD2}"
EndProject
Global
	GlobalSection(SolutionConfigurationPlatforms) = preSolution
		Debug|Any CPU = Debug|Any CPU
		Release|Any CPU = Release|Any CPU
	EndGlobalSection
	GlobalSection(ProjectConfigurationPlatforms) = postSolution
		{D4086118-68E9-4128-80EB-BE389373CDD2}.Debug|Any CPU.ActiveCfg = Debug|Any CPU
		{D4086118-68E9-4128-80EB-BE389373CDD2}.Debug|Any CPU.Build.0 = Debug|Any CPU
		{D4086118-68E9-4128-80EB-BE389373CDD2}.Release|Any CPU.ActiveCfg = Release|Any CPU
		{D4086118-68E9-4128-80EB-BE389373CDD2}.Release|Any CPU.Build.0 = Release|Any CPU
	EndGlobalSection
	GlobalSection(SolutionProperties) = preSolution
		HideSolutionNode = FALSE
	EndGlobalSection
	GlobalSection(ExtensibilityGlobals) = postSolution
		SolutionGuid = {99A1F166-3EE2-461E-A7DE-5FA82B8BAC12}
	EndGlobalSection
EndGlobal
